
Microsoft Visual Studio Solution File, Format Version 12.00
# Visual Studio 14
VisualStudioVersion = 14.0.25123.0
MinimumVisualStudioVersion = 10.0.40219.1
Project("{FAE04EC0-301F-11D3-BF4B-00C04F79EFBC}") = "SudokuSolver", "SudokuSolver\SudokuSolver.csproj", "{36F88E9C-B2E9-4952-89E8-33B621C28D3D}"
EndProject
Project("{8BC9CEB8-8B4A-11D0-8D11-00A0C91BC942}") = "SudokuSolverCPP", "SudokuSolverCPP\SudokuSolverCPP.vcxproj", "{20C08818-A095-4C20-9EA1-3EF548CBA42F}"
EndProject
Global
	GlobalSection(SolutionConfigurationPlatforms) = preSolution
		Debug|Any CPU = Debug|Any CPU
		Debug|x64 = Debug|x64
		Debug|x86 = Debug|x86
		Release|Any CPU = Release|Any CPU
		Release|x64 = Release|x64
		Release|x86 = Release|x86
	EndGlobalSection
	GlobalSection(ProjectConfigurationPlatforms) = postSolution
		{36F88E9C-B2E9-4952-89E8-33B621C28D3D}.Debug|Any CPU.ActiveCfg = Debug|Any CPU
		{36F88E9C-B2E9-4952-89E8-33B621C28D3D}.Debug|Any CPU.Build.0 = Debug|Any CPU
		{36F88E9C-B2E9-4952-89E8-33B621C28D3D}.Debug|x64.ActiveCfg = Debug|Any CPU
		{36F88E9C-B2E9-4952-89E8-33B621C28D3D}.Debug|x64.Build.0 = Debug|Any CPU
		{36F88E9C-B2E9-4952-89E8-33B621C28D3D}.Debug|x86.ActiveCfg = Debug|Any CPU
		{36F88E9C-B2E9-4952-89E8-33B621C28D3D}.Debug|x86.Build.0 = Debug|Any CPU
		{36F88E9C-B2E9-4952-89E8-33B621C28D3D}.Release|Any CPU.ActiveCfg = Release|Any CPU
		{36F88E9C-B2E9-4952-89E8-33B621C28D3D}.Release|Any CPU.Build.0 = Release|Any CPU
		{36F88E9C-B2E9-4952-89E8-33B621C28D3D}.Release|x64.ActiveCfg = Release|Any CPU
		{36F88E9C-B2E9-4952-89E8-33B621C28D3D}.Release|x64.Build.0 = Release|Any CPU
		{36F88E9C-B2E9-4952-89E8-33B621C28D3D}.Release|x86.ActiveCfg = Release|Any CPU
		{36F88E9C-B2E9-4952-89E8-33B621C28D3D}.Release|x86.Build.0 = Release|Any CPU
		{20C08818-A095-4C20-9EA1-3EF548CBA42F}.Debug|Any CPU.ActiveCfg = Debug|Win32
		{20C08818-A095-4C20-9EA1-3EF548CBA42F}.Debug|Any CPU.Build.0 = Debug|Win32
		{20C08818-A095-4C20-9EA1-3EF548CBA42F}.Debug|x64.ActiveCfg = Debug|x64
		{20C08818-A095-4C20-9EA1-3EF548CBA42F}.Debug|x64.Build.0 = Debug|x64
		{20C08818-A095-4C20-9EA1-3EF548CBA42F}.Debug|x86.ActiveCfg = Debug|Win32
		{20C08818-A095-4C20-9EA1-3EF548CBA42F}.Debug|x86.Build.0 = Debug|Win32
		{20C08818-A095-4C20-9EA1-3EF548CBA42F}.Release|Any CPU.ActiveCfg = Release|Win32
		{20C08818-A095-4C20-9EA1-3EF548CBA42F}.Release|x64.ActiveCfg = Release|x64
		{20C08818-A095-4C20-9EA1-3EF548CBA42F}.Release|x64.Build.0 = Release|x64
		{20C08818-A095-4C20-9EA1-3EF548CBA42F}.Release|x86.ActiveCfg = Release|Win32
		{20C08818-A095-4C20-9EA1-3EF548CBA42F}.Release|x86.Build.0 = Release|Win32
	EndGlobalSection
	GlobalSection(SolutionProperties) = preSolution
		HideSolutionNode = FALSE
	EndGlobalSection
EndGlobal
